// !$*UTF8*$!
{
	archiveVersion = 1;
	classes = {
	};
	objectVersion = 50;
	objects = {

/* Begin PBXBuildFile section */
		16DE073D23CBE1ED006E4321 /* AppDelegate.swift in Sources */ = {isa = PBXBuildFile; fileRef = 16DE073C23CBE1ED006E4321 /* AppDelegate.swift */; };
		16DE073F23CBE1ED006E4321 /* SceneDelegate.swift in Sources */ = {isa = PBXBuildFile; fileRef = 16DE073E23CBE1ED006E4321 /* SceneDelegate.swift */; };
		16DE074123CBE1ED006E4321 /* ViewController.swift in Sources */ = {isa = PBXBuildFile; fileRef = 16DE074023CBE1ED006E4321 /* ViewController.swift */; };
		16DE074423CBE1ED006E4321 /* Main.storyboard in Resources */ = {isa = PBXBuildFile; fileRef = 16DE074223CBE1ED006E4321 /* Main.storyboard */; };
		16DE074623CBE1EE006E4321 /* Assets.xcassets in Resources */ = {isa = PBXBuildFile; fileRef = 16DE074523CBE1EE006E4321 /* Assets.xcassets */; };
		16DE074923CBE1EE006E4321 /* LaunchScreen.storyboard in Resources */ = {isa = PBXBuildFile; fileRef = 16DE074723CBE1EE006E4321 /* LaunchScreen.storyboard */; };
		16DE075423CBE1EE006E4321 /* DemoTests.swift in Sources */ = {isa = PBXBuildFile; fileRef = 16DE075323CBE1EE006E4321 /* DemoTests.swift */; };
		16DE075F23CBE1EF006E4321 /* DemoUITests.swift in Sources */ = {isa = PBXBuildFile; fileRef = 16DE075E23CBE1EF006E4321 /* DemoUITests.swift */; };
/* End PBXBuildFile section */

/* Begin PBXContainerItemProxy section */
		16DE075023CBE1EE006E4321 /* PBXContainerItemProxy */ = {
			isa = PBXContainerItemProxy;
			containerPortal = 16DE073123CBE1ED006E4321 /* Project object */;
			proxyType = 1;
			remoteGlobalIDString = 16DE073823CBE1ED006E4321;
			remoteInfo = Demo;
		};
		16DE075B23CBE1EF006E4321 /* PBXContainerItemProxy */ = {
			isa = PBXContainerItemProxy;
			containerPortal = 16DE073123CBE1ED006E4321 /* Project object */;
			proxyType = 1;
			remoteGlobalIDString = 16DE073823CBE1ED006E4321;
			remoteInfo = Demo;
		};
/* End PBXContainerItemProxy section */

/* Begin PBXFileReference section */
		16DE073923CBE1ED006E4321 /* Demo.app */ = {isa = PBXFileReference; explicitFileType = wrapper.application; includeInIndex = 0; path = Demo.app; sourceTree = BUILT_PRODUCTS_DIR; };
		16DE073C23CBE1ED006E4321 /* AppDelegate.swift */ = {isa = PBXFileReference; lastKnownFileType = sourcecode.swift; path = AppDelegate.swift; sourceTree = "<group>"; };
		16DE073E23CBE1ED006E4321 /* SceneDelegate.swift */ = {isa = PBXFileReference; lastKnownFileType = sourcecode.swift; path = SceneDelegate.swift; sourceTree = "<group>"; };
		16DE074023CBE1ED006E4321 /* ViewController.swift */ = {isa = PBXFileReference; lastKnownFileType = sourcecode.swift; path = ViewController.swift; sourceTree = "<group>"; };
		16DE074323CBE1ED006E4321 /* Base */ = {isa = PBXFileReference; lastKnownFileType = file.storyboard; name = Base; path = Base.lproj/Main.storyboard; sourceTree = "<group>"; };
		16DE074523CBE1EE006E4321 /* Assets.xcassets */ = {isa = PBXFileReference; lastKnownFileType = folder.assetcatalog; path = Assets.xcassets; sourceTree = "<group>"; };
		16DE074823CBE1EE006E4321 /* Base */ = {isa = PBXFileReference; lastKnownFileType = file.storyboard; name = Base; path = Base.lproj/LaunchScreen.storyboard; sourceTree = "<group>"; };
		16DE074A23CBE1EE006E4321 /* Info.plist */ = {isa = PBXFileReference; lastKnownFileType = text.plist.xml; path = Info.plist; sourceTree = "<group>"; };
		16DE074F23CBE1EE006E4321 /* DemoTests.xctest */ = {isa = PBXFileReference; explicitFileType = wrapper.cfbundle; includeInIndex = 0; path = DemoTests.xctest; sourceTree = BUILT_PRODUCTS_DIR; };
		16DE075323CBE1EE006E4321 /* DemoTests.swift */ = {isa = PBXFileReference; lastKnownFileType = sourcecode.swift; path = DemoTests.swift; sourceTree = "<group>"; };
		16DE075523CBE1EE006E4321 /* Info.plist */ = {isa = PBXFileReference; lastKnownFileType = text.plist.xml; path = Info.plist; sourceTree = "<group>"; };
		16DE075A23CBE1EF006E4321 /* DemoUITests.xctest */ = {isa = PBXFileReference; explicitFileType = wrapper.cfbundle; includeInIndex = 0; path = DemoUITests.xctest; sourceTree = BUILT_PRODUCTS_DIR; };
		16DE075E23CBE1EF006E4321 /* DemoUITests.swift */ = {isa = PBXFileReference; lastKnownFileType = sourcecode.swift; path = DemoUITests.swift; sourceTree = "<group>"; };
		16DE076023CBE1EF006E4321 /* Info.plist */ = {isa = PBXFileReference; lastKnownFileType = text.plist.xml; path = Info.plist; sourceTree = "<group>"; };
/* End PBXFileReference section */

/* Begin PBXFrameworksBuildPhase section */
		16DE073623CBE1ED006E4321 /* Frameworks */ = {
			isa = PBXFrameworksBuildPhase;
			buildActionMask = 2147483647;
			files = (
			);
			runOnlyForDeploymentPostprocessing = 0;
		};
		16DE074C23CBE1EE006E4321 /* Frameworks */ = {
			isa = PBXFrameworksBuildPhase;
			buildActionMask = 2147483647;
			files = (
			);
			runOnlyForDeploymentPostprocessing = 0;
		};
		16DE075723CBE1EF006E4321 /* Frameworks */ = {
			isa = PBXFrameworksBuildPhase;
			buildActionMask = 2147483647;
			files = (
			);
			runOnlyForDeploymentPostprocessing = 0;
		};
/* End PBXFrameworksBuildPhase section */

/* Begin PBXGroup section */
		16DE073023CBE1ED006E4321 = {
			isa = PBXGroup;
			children = (
				16DE073B23CBE1ED006E4321 /* Demo */,
				16DE075223CBE1EE006E4321 /* DemoTests */,
				16DE075D23CBE1EF006E4321 /* DemoUITests */,
				16DE073A23CBE1ED006E4321 /* Products */,
			);
			sourceTree = "<group>";
		};
		16DE073A23CBE1ED006E4321 /* Products */ = {
			isa = PBXGroup;
			children = (
				16DE073923CBE1ED006E4321 /* Demo.app */,
				16DE074F23CBE1EE006E4321 /* DemoTests.xctest */,
				16DE075A23CBE1EF006E4321 /* DemoUITests.xctest */,
			);
			name = Products;
			sourceTree = "<group>";
		};
		16DE073B23CBE1ED006E4321 /* Demo */ = {
			isa = PBXGroup;
			children = (
				16DE073C23CBE1ED006E4321 /* AppDelegate.swift */,
				16DE073E23CBE1ED006E4321 /* SceneDelegate.swift */,
				16DE074023CBE1ED006E4321 /* ViewController.swift */,
				16DE074223CBE1ED006E4321 /* Main.storyboard */,
				16DE074523CBE1EE006E4321 /* Assets.xcassets */,
				16DE074723CBE1EE006E4321 /* LaunchScreen.storyboard */,
				16DE074A23CBE1EE006E4321 /* Info.plist */,
			);
			path = Demo;
			sourceTree = "<group>";
		};
		16DE075223CBE1EE006E4321 /* DemoTests */ = {
			isa = PBXGroup;
			children = (
				16DE075323CBE1EE006E4321 /* DemoTests.swift */,
				16DE075523CBE1EE006E4321 /* Info.plist */,
			);
			path = DemoTests;
			sourceTree = "<group>";
		};
		16DE075D23CBE1EF006E4321 /* DemoUITests */ = {
			isa = PBXGroup;
			children = (
				16DE075E23CBE1EF006E4321 /* DemoUITests.swift */,
				16DE076023CBE1EF006E4321 /* Info.plist */,
			);
			path = DemoUITests;
			sourceTree = "<group>";
		};
/* End PBXGroup section */

/* Begin PBXNativeTarget section */
		16DE073823CBE1ED006E4321 /* Demo */ = {
			isa = PBXNativeTarget;
			buildConfigurationList = 16DE076323CBE1EF006E4321 /* Build configuration list for PBXNativeTarget "Demo" */;
			buildPhases = (
				16DE073523CBE1ED006E4321 /* Sources */,
				16DE073623CBE1ED006E4321 /* Frameworks */,
				16DE073723CBE1ED006E4321 /* Resources */,
			);
			buildRules = (
			);
			dependencies = (
			);
			name = Demo;
			productName = Demo;
			productReference = 16DE073923CBE1ED006E4321 /* Demo.app */;
			productType = "com.apple.product-type.application";
		};
		16DE074E23CBE1EE006E4321 /* DemoTests */ = {
			isa = PBXNativeTarget;
			buildConfigurationList = 16DE076623CBE1EF006E4321 /* Build configuration list for PBXNativeTarget "DemoTests" */;
			buildPhases = (
				16DE074B23CBE1EE006E4321 /* Sources */,
				16DE074C23CBE1EE006E4321 /* Frameworks */,
				16DE074D23CBE1EE006E4321 /* Resources */,
			);
			buildRules = (
			);
			dependencies = (
				16DE075123CBE1EE006E4321 /* PBXTargetDependency */,
			);
			name = DemoTests;
			productName = DemoTests;
			productReference = 16DE074F23CBE1EE006E4321 /* DemoTests.xctest */;
			productType = "com.apple.product-type.bundle.unit-test";
		};
		16DE075923CBE1EF006E4321 /* DemoUITests */ = {
			isa = PBXNativeTarget;
			buildConfigurationList = 16DE076923CBE1EF006E4321 /* Build configuration list for PBXNativeTarget "DemoUITests" */;
			buildPhases = (
				16DE075623CBE1EF006E4321 /* Sources */,
				16DE075723CBE1EF006E4321 /* Frameworks */,
				16DE075823CBE1EF006E4321 /* Resources */,
			);
			buildRules = (
			);
			dependencies = (
				16DE075C23CBE1EF006E4321 /* PBXTargetDependency */,
			);
			name = DemoUITests;
			productName = DemoUITests;
			productReference = 16DE075A23CBE1EF006E4321 /* DemoUITests.xctest */;
			productType = "com.apple.product-type.bundle.ui-testing";
		};
/* End PBXNativeTarget section */

/* Begin PBXProject section */
		16DE073123CBE1ED006E4321 /* Project object */ = {
			isa = PBXProject;
			attributes = {
				LastSwiftUpdateCheck = 1130;
				LastUpgradeCheck = 1130;
				ORGANIZATIONNAME = "Vanesa Munoz Cuevas";
				TargetAttributes = {
					16DE073823CBE1ED006E4321 = {
						CreatedOnToolsVersion = 11.3;
					};
					16DE074E23CBE1EE006E4321 = {
						CreatedOnToolsVersion = 11.3;
						TestTargetID = 16DE073823CBE1ED006E4321;
					};
					16DE075923CBE1EF006E4321 = {
						CreatedOnToolsVersion = 11.3;
						TestTargetID = 16DE073823CBE1ED006E4321;
					};
				};
			};
			buildConfigurationList = 16DE073423CBE1ED006E4321 /* Build configuration list for PBXProject "Demo" */;
			compatibilityVersion = "Xcode 9.3";
			developmentRegion = en;
			hasScannedForEncodings = 0;
			knownRegions = (
				en,
				Base,
			);
			mainGroup = 16DE073023CBE1ED006E4321;
			productRefGroup = 16DE073A23CBE1ED006E4321 /* Products */;
			projectDirPath = "";
			projectRoot = "";
			targets = (
				16DE073823CBE1ED006E4321 /* Demo */,
				16DE074E23CBE1EE006E4321 /* DemoTests */,
				16DE075923CBE1EF006E4321 /* DemoUITests */,
			);
		};
/* End PBXProject section */

/* Begin PBXResourcesBuildPhase section */
		16DE073723CBE1ED006E4321 /* Resources */ = {
			isa = PBXResourcesBuildPhase;
			buildActionMask = 2147483647;
			files = (
				16DE074923CBE1EE006E4321 /* LaunchScreen.storyboard in Resources */,
				16DE074623CBE1EE006E4321 /* Assets.xcassets in Resources */,
				16DE074423CBE1ED006E4321 /* Main.storyboard in Resources */,
			);
			runOnlyForDeploymentPostprocessing = 0;
		};
		16DE074D23CBE1EE006E4321 /* Resources */ = {
			isa = PBXResourcesBuildPhase;
			buildActionMask = 2147483647;
			files = (
			);
			runOnlyForDeploymentPostprocessing = 0;
		};
		16DE075823CBE1EF006E4321 /* Resources */ = {
			isa = PBXResourcesBuildPhase;
			buildActionMask = 2147483647;
			files = (
			);
			runOnlyForDeploymentPostprocessing = 0;
		};
/* End PBXResourcesBuildPhase section */

/* Begin PBXSourcesBuildPhase section */
		16DE073523CBE1ED006E4321 /* Sources */ = {
			isa = PBXSourcesBuildPhase;
			buildActionMask = 2147483647;
			files = (
				16DE074123CBE1ED006E4321 /* ViewController.swift in Sources */,
				16DE073D23CBE1ED006E4321 /* AppDelegate.swift in Sources */,
				16DE073F23CBE1ED006E4321 /* SceneDelegate.swift in Sources */,
			);
			runOnlyForDeploymentPostprocessing = 0;
		};
		16DE074B23CBE1EE006E4321 /* Sources */ = {
			isa = PBXSourcesBuildPhase;
			buildActionMask = 2147483647;
			files = (
				16DE075423CBE1EE006E4321 /* DemoTests.swift in Sources */,
			);
			runOnlyForDeploymentPostprocessing = 0;
		};
		16DE075623CBE1EF006E4321 /* Sources */ = {
			isa = PBXSourcesBuildPhase;
			buildActionMask = 2147483647;
			files = (
				16DE075F23CBE1EF006E4321 /* DemoUITests.swift in Sources */,
			);
			runOnlyForDeploymentPostprocessing = 0;
		};
/* End PBXSourcesBuildPhase section */

/* Begin PBXTargetDependency section */
		16DE075123CBE1EE006E4321 /* PBXTargetDependency */ = {
			isa = PBXTargetDependency;
			target = 16DE073823CBE1ED006E4321 /* Demo */;
			targetProxy = 16DE075023CBE1EE006E4321 /* PBXContainerItemProxy */;
		};
		16DE075C23CBE1EF006E4321 /* PBXTargetDependency */ = {
			isa = PBXTargetDependency;
			target = 16DE073823CBE1ED006E4321 /* Demo */;
			targetProxy = 16DE075B23CBE1EF006E4321 /* PBXContainerItemProxy */;
		};
/* End PBXTargetDependency section */

/* Begin PBXVariantGroup section */
		16DE074223CBE1ED006E4321 /* Main.storyboard */ = {
			isa = PBXVariantGroup;
			children = (
				16DE074323CBE1ED006E4321 /* Base */,
			);
			name = Main.storyboard;
			sourceTree = "<group>";
		};
		16DE074723CBE1EE006E4321 /* LaunchScreen.storyboard */ = {
			isa = PBXVariantGroup;
			children = (
				16DE074823CBE1EE006E4321 /* Base */,
			);
			name = LaunchScreen.storyboard;
			sourceTree = "<group>";
		};
/* End PBXVariantGroup section */

/* Begin XCBuildConfiguration section */
		16DE076123CBE1EF006E4321 /* Debug */ = {
			isa = XCBuildConfiguration;
			buildSettings = {
				ALWAYS_SEARCH_USER_PATHS = NO;
				CLANG_ANALYZER_NONNULL = YES;
				CLANG_ANALYZER_NUMBER_OBJECT_CONVERSION = YES_AGGRESSIVE;
				CLANG_CXX_LANGUAGE_STANDARD = "gnu++14";
				CLANG_CXX_LIBRARY = "libc++";
				CLANG_ENABLE_MODULES = YES;
				CLANG_ENABLE_OBJC_ARC = YES;
				CLANG_ENABLE_OBJC_WEAK = YES;
				CLANG_WARN_BLOCK_CAPTURE_AUTORELEASING = YES;
				CLANG_WARN_BOOL_CONVERSION = YES;
				CLANG_WARN_COMMA = YES;
				CLANG_WARN_CONSTANT_CONVERSION = YES;
				CLANG_WARN_DEPRECATED_OBJC_IMPLEMENTATIONS = YES;
				CLANG_WARN_DIRECT_OBJC_ISA_USAGE = YES_ERROR;
				CLANG_WARN_DOCUMENTATION_COMMENTS = YES;
				CLANG_WARN_EMPTY_BODY = YES;
				CLANG_WARN_ENUM_CONVERSION = YES;
				CLANG_WARN_INFINITE_RECURSION = YES;
				CLANG_WARN_INT_CONVERSION = YES;
				CLANG_WARN_NON_LITERAL_NULL_CONVERSION = YES;
				CLANG_WARN_OBJC_IMPLICIT_RETAIN_SELF = YES;
				CLANG_WARN_OBJC_LITERAL_CONVERSION = YES;
				CLANG_WARN_OBJC_ROOT_CLASS = YES_ERROR;
				CLANG_WARN_RANGE_LOOP_ANALYSIS = YES;
				CLANG_WARN_STRICT_PROTOTYPES = YES;
				CLANG_WARN_SUSPICIOUS_MOVE = YES;
				CLANG_WARN_UNGUARDED_AVAILABILITY = YES_AGGRESSIVE;
				CLANG_WARN_UNREACHABLE_CODE = YES;
				CLANG_WARN__DUPLICATE_METHOD_MATCH = YES;
				COPY_PHASE_STRIP = NO;
				DEBUG_INFORMATION_FORMAT = dwarf;
				ENABLE_STRICT_OBJC_MSGSEND = YES;
				ENABLE_TESTABILITY = YES;
				GCC_C_LANGUAGE_STANDARD = gnu11;
				GCC_DYNAMIC_NO_PIC = NO;
				GCC_NO_COMMON_BLOCKS = YES;
				GCC_OPTIMIZATION_LEVEL = 0;
				GCC_PREPROCESSOR_DEFINITIONS = (
					"DEBUG=1",
					"$(inherited)",
				);
				GCC_WARN_64_TO_32_BIT_CONVERSION = YES;
				GCC_WARN_ABOUT_RETURN_TYPE = YES_ERROR;
				GCC_WARN_UNDECLARED_SELECTOR = YES;
				GCC_WARN_UNINITIALIZED_AUTOS = YES_AGGRESSIVE;
				GCC_WARN_UNUSED_FUNCTION = YES;
				GCC_WARN_UNUSED_VARIABLE = YES;
				IPHONEOS_DEPLOYMENT_TARGET = 13.2;
				MTL_ENABLE_DEBUG_INFO = INCLUDE_SOURCE;
				MTL_FAST_MATH = YES;
				ONLY_ACTIVE_ARCH = YES;
				SDKROOT = iphoneos;
				SWIFT_ACTIVE_COMPILATION_CONDITIONS = DEBUG;
				SWIFT_OPTIMIZATION_LEVEL = "-Onone";
			};
			name = Debug;
		};
		16DE076223CBE1EF006E4321 /* Release */ = {
			isa = XCBuildConfiguration;
			buildSettings = {
				ALWAYS_SEARCH_USER_PATHS = NO;
				CLANG_ANALYZER_NONNULL = YES;
				CLANG_ANALYZER_NUMBER_OBJECT_CONVERSION = YES_AGGRESSIVE;
				CLANG_CXX_LANGUAGE_STANDARD = "gnu++14";
				CLANG_CXX_LIBRARY = "libc++";
				CLANG_ENABLE_MODULES = YES;
				CLANG_ENABLE_OBJC_ARC = YES;
				CLANG_ENABLE_OBJC_WEAK = YES;
				CLANG_WARN_BLOCK_CAPTURE_AUTORELEASING = YES;
				CLANG_WARN_BOOL_CONVERSION = YES;
				CLANG_WARN_COMMA = YES;
				CLANG_WARN_CONSTANT_CONVERSION = YES;
				CLANG_WARN_DEPRECATED_OBJC_IMPLEMENTATIONS = YES;
				CLANG_WARN_DIRECT_OBJC_ISA_USAGE = YES_ERROR;
				CLANG_WARN_DOCUMENTATION_COMMENTS = YES;
				CLANG_WARN_EMPTY_BODY = YES;
				CLANG_WARN_ENUM_CONVERSION = YES;
				CLANG_WARN_INFINITE_RECURSION = YES;
				CLANG_WARN_INT_CONVERSION = YES;
				CLANG_WARN_NON_LITERAL_NULL_CONVERSION = YES;
				CLANG_WARN_OBJC_IMPLICIT_RETAIN_SELF = YES;
				CLANG_WARN_OBJC_LITERAL_CONVERSION = YES;
				CLANG_WARN_OBJC_ROOT_CLASS = YES_ERROR;
				CLANG_WARN_RANGE_LOOP_ANALYSIS = YES;
				CLANG_WARN_STRICT_PROTOTYPES = YES;
				CLANG_WARN_SUSPICIOUS_MOVE = YES;
				CLANG_WARN_UNGUARDED_AVAILABILITY = YES_AGGRESSIVE;
				CLANG_WARN_UNREACHABLE_CODE = YES;
				CLANG_WARN__DUPLICATE_METHOD_MATCH = YES;
				COPY_PHASE_STRIP = NO;
				DEBUG_INFORMATION_FORMAT = "dwarf-with-dsym";
				ENABLE_NS_ASSERTIONS = NO;
				ENABLE_STRICT_OBJC_MSGSEND = YES;
				GCC_C_LANGUAGE_STANDARD = gnu11;
				GCC_NO_COMMON_BLOCKS = YES;
				GCC_WARN_64_TO_32_BIT_CONVERSION = YES;
				GCC_WARN_ABOUT_RETURN_TYPE = YES_ERROR;
				GCC_WARN_UNDECLARED_SELECTOR = YES;
				GCC_WARN_UNINITIALIZED_AUTOS = YES_AGGRESSIVE;
				GCC_WARN_UNUSED_FUNCTION = YES;
				GCC_WARN_UNUSED_VARIABLE = YES;
				IPHONEOS_DEPLOYMENT_TARGET = 13.2;
				MTL_ENABLE_DEBUG_INFO = NO;
				MTL_FAST_MATH = YES;
				SDKROOT = iphoneos;
				SWIFT_COMPILATION_MODE = wholemodule;
				SWIFT_OPTIMIZATION_LEVEL = "-O";
				VALIDATE_PRODUCT = YES;
			};
			name = Release;
		};
		16DE076423CBE1EF006E4321 /* Debug */ = {
			isa = XCBuildConfiguration;
			buildSettings = {
				ASSETCATALOG_COMPILER_APPICON_NAME = AppIcon;
				CODE_SIGN_STYLE = Automatic;
				INFOPLIST_FILE = Demo/Info.plist;
				LD_RUNPATH_SEARCH_PATHS = (
					"$(inherited)",
					"@executable_path/Frameworks",
				);
				PRODUCT_BUNDLE_IDENTIFIER = "com-vanesamunoz.Demo";
				PRODUCT_NAME = "$(TARGET_NAME)";
				SWIFT_VERSION = 5.0;
				TARGETED_DEVICE_FAMILY = "1,2";
			};
			name = Debug;
		};
		16DE076523CBE1EF006E4321 /* Release */ = {
			isa = XCBuildConfiguration;
			buildSettings = {
				ASSETCATALOG_COMPILER_APPICON_NAME = AppIcon;
				CODE_SIGN_STYLE = Automatic;
				INFOPLIST_FILE = Demo/Info.plist;
				LD_RUNPATH_SEARCH_PATHS = (
					"$(inherited)",
					"@executable_path/Frameworks",
				);
				PRODUCT_BUNDLE_IDENTIFIER = "com-vanesamunoz.Demo";
				PRODUCT_NAME = "$(TARGET_NAME)";
				SWIFT_VERSION = 5.0;
				TARGETED_DEVICE_FAMILY = "1,2";
			};
			name = Release;
		};
		16DE076723CBE1EF006E4321 /* Debug */ = {
			isa = XCBuildConfiguration;
			buildSettings = {
				ALWAYS_EMBED_SWIFT_STANDARD_LIBRARIES = YES;
				BUNDLE_LOADER = "$(TEST_HOST)";
				CODE_SIGN_STYLE = Automatic;
				INFOPLIST_FILE = DemoTests/Info.plist;
				IPHONEOS_DEPLOYMENT_TARGET = 13.2;
				LD_RUNPATH_SEARCH_PATHS = (
					"$(inherited)",
					"@executable_path/Frameworks",
					"@loader_path/Frameworks",
				);
				PRODUCT_BUNDLE_IDENTIFIER = "com-vanesamunoz.DemoTests";
				PRODUCT_NAME = "$(TARGET_NAME)";
				SWIFT_VERSION = 5.0;
				TARGETED_DEVICE_FAMILY = "1,2";
				TEST_HOST = "$(BUILT_PRODUCTS_DIR)/Demo.app/Demo";
			};
			name = Debug;
		};
		16DE076823CBE1EF006E4321 /* Release */ = {
			isa = XCBuildConfiguration;
			buildSettings = {
				ALWAYS_EMBED_SWIFT_STANDARD_LIBRARIES = YES;
				BUNDLE_LOADER = "$(TEST_HOST)";
				CODE_SIGN_STYLE = Automatic;
				INFOPLIST_FILE = DemoTests/Info.plist;
				IPHONEOS_DEPLOYMENT_TARGET = 13.2;
				LD_RUNPATH_SEARCH_PATHS = (
					"$(inherited)",
					"@executable_path/Frameworks",
					"@loader_path/Frameworks",
				);
				PRODUCT_BUNDLE_IDENTIFIER = "com-vanesamunoz.DemoTests";
				PRODUCT_NAME = "$(TARGET_NAME)";
				SWIFT_VERSION = 5.0;
				TARGETED_DEVICE_FAMILY = "1,2";
				TEST_HOST = "$(BUILT_PRODUCTS_DIR)/Demo.app/Demo";
			};
			name = Release;
		};
		16DE076A23CBE1EF006E4321 /* Debug */ = {
			isa = XCBuildConfiguration;
			buildSettings = {
				ALWAYS_EMBED_SWIFT_STANDARD_LIBRARIES = YES;
				CODE_SIGN_STYLE = Automatic;
				INFOPLIST_FILE = DemoUITests/Info.plist;
				LD_RUNPATH_SEARCH_PATHS = (
					"$(inherited)",
					"@executable_path/Frameworks",
					"@loader_path/Frameworks",
				);
				PRODUCT_BUNDLE_IDENTIFIER = "com-vanesamunoz.DemoUITests";
				PRODUCT_NAME = "$(TARGET_NAME)";
				SWIFT_VERSION = 5.0;
				TARGETED_DEVICE_FAMILY = "1,2";
				TEST_TARGET_NAME = Demo;
			};
			name = Debug;
		};
		16DE076B23CBE1EF006E4321 /* Release */ = {
			isa = XCBuildConfiguration;
			buildSettings = {
				ALWAYS_EMBED_SWIFT_STANDARD_LIBRARIES = YES;
				CODE_SIGN_STYLE = Automatic;
				INFOPLIST_FILE = DemoUITests/Info.plist;
				LD_RUNPATH_SEARCH_PATHS = (
					"$(inherited)",
					"@executable_path/Frameworks",
					"@loader_path/Frameworks",
				);
				PRODUCT_BUNDLE_IDENTIFIER = "com-vanesamunoz.DemoUITests";
				PRODUCT_NAME = "$(TARGET_NAME)";
				SWIFT_VERSION = 5.0;
				TARGETED_DEVICE_FAMILY = "1,2";
				TEST_TARGET_NAME = Demo;
			};
			name = Release;
		};
/* End XCBuildConfiguration section */

/* Begin XCConfigurationList section */
		16DE073423CBE1ED006E4321 /* Build configuration list for PBXProject "Demo" */ = {
			isa = XCConfigurationList;
			buildConfigurations = (
				16DE076123CBE1EF006E4321 /* Debug */,
				16DE076223CBE1EF006E4321 /* Release */,
			);
			defaultConfigurationIsVisible = 0;
			defaultConfigurationName = Release;
		};
		16DE076323CBE1EF006E4321 /* Build configuration list for PBXNativeTarget "Demo" */ = {
			isa = XCConfigurationList;
			buildConfigurations = (
				16DE076423CBE1EF006E4321 /* Debug */,
				16DE076523CBE1EF006E4321 /* Release */,
			);
			defaultConfigurationIsVisible = 0;
			defaultConfigurationName = Release;
		};
		16DE076623CBE1EF006E4321 /* Build configuration list for PBXNativeTarget "DemoTests" */ = {
			isa = XCConfigurationList;
			buildConfigurations = (
				16DE076723CBE1EF006E4321 /* Debug */,
				16DE076823CBE1EF006E4321 /* Release */,
			);
			defaultConfigurationIsVisible = 0;
			defaultConfigurationName = Release;
		};
		16DE076923CBE1EF006E4321 /* Build configuration list for PBXNativeTarget "DemoUITests" */ = {
			isa = XCConfigurationList;
			buildConfigurations = (
				16DE076A23CBE1EF006E4321 /* Debug */,
				16DE076B23CBE1EF006E4321 /* Release */,
			);
			defaultConfigurationIsVisible = 0;
			defaultConfigurationName = Release;
		};
/* End XCConfigurationList section */
	};
	rootObject = 16DE073123CBE1ED006E4321 /* Project object */;
}
